
Microsoft Visual Studio Solution File, Format Version 12.00
# Visual Studio Version 17
VisualStudioVersion = 17.10.35027.167
MinimumVisualStudioVersion = 10.0.40219.1
Project("{9A19103F-16F7-4668-BE54-9A1E7A4F7556}") = "WaferMapViewer", "eSIGN\WaferMapViewer.csproj", "{63F968BF-6207-413B-B381-A44BF7C86269}"
EndProject
Global
	GlobalSection(SolutionConfigurationPlatforms) = preSolution
		Debug|Any CPU = Debug|Any CPU
		Release|Any CPU = Release|Any CPU
	EndGlobalSection
	GlobalSection(ProjectConfigurationPlatforms) = postSolution
		{63F968BF-6207-413B-B381-A44BF7C86269}.Debug|Any CPU.ActiveCfg = Debug|Any CPU
		{63F968BF-6207-413B-B381-A44BF7C86269}.Debug|Any CPU.Build.0 = Debug|Any CPU
		{63F968BF-6207-413B-B381-A44BF7C86269}.Release|Any CPU.ActiveCfg = Release|Any CPU
		{63F968BF-6207-413B-B381-A44BF7C86269}.Release|Any CPU.Build.0 = Release|Any CPU
	EndGlobalSection
	GlobalSection(SolutionProperties) = preSolution
		HideSolutionNode = FALSE
	EndGlobalSection
	GlobalSection(ExtensibilityGlobals) = postSolution
		SolutionGuid = {BEB732CA-FC46-46FC-852F-8E0720A5EE43}
	EndGlobalSection
EndGlobal
